
Microsoft Visual Studio Solution File, Format Version 12.00
# Visual Studio 15
VisualStudioVersion = 15.0.26730.16
MinimumVisualStudioVersion = 10.0.40219.1
Project("{FAE04EC0-301F-11D3-BF4B-00C04F79EFBC}") = "XGCServerSocketAsyncEventArgs", "XGCServerSocketAsyncEventArgs\XGCServerSocketAsyncEventArgs.csproj", "{587958CD-B8DC-42DA-8777-08BCEB988053}"
EndProject
Project("{FAE04EC0-301F-11D3-BF4B-00C04F79EFBC}") = "XGCClientSocketAsyncEventArgs", "XGCClientSocketAsyncEventArgs\XGCClientSocketAsyncEventArgs.csproj", "{3D3C6674-5219-4E2B-A23F-931CD4D33F4B}"
EndProject
Global
	GlobalSection(SolutionConfigurationPlatforms) = preSolution
		Debug|Any CPU = Debug|Any CPU
		Release|Any CPU = Release|Any CPU
	EndGlobalSection
	GlobalSection(ProjectConfigurationPlatforms) = postSolution
		{587958CD-B8DC-42DA-8777-08BCEB988053}.Debug|Any CPU.ActiveCfg = Debug|Any CPU
		{587958CD-B8DC-42DA-8777-08BCEB988053}.Debug|Any CPU.Build.0 = Debug|Any CPU
		{587958CD-B8DC-42DA-8777-08BCEB988053}.Release|Any CPU.ActiveCfg = Release|Any CPU
		{587958CD-B8DC-42DA-8777-08BCEB988053}.Release|Any CPU.Build.0 = Release|Any CPU
		{3D3C6674-5219-4E2B-A23F-931CD4D33F4B}.Debug|Any CPU.ActiveCfg = Debug|Any CPU
		{3D3C6674-5219-4E2B-A23F-931CD4D33F4B}.Debug|Any CPU.Build.0 = Debug|Any CPU
		{3D3C6674-5219-4E2B-A23F-931CD4D33F4B}.Release|Any CPU.ActiveCfg = Release|Any CPU
		{3D3C6674-5219-4E2B-A23F-931CD4D33F4B}.Release|Any CPU.Build.0 = Release|Any CPU
	EndGlobalSection
	GlobalSection(SolutionProperties) = preSolution
		HideSolutionNode = FALSE
	EndGlobalSection
	GlobalSection(ExtensibilityGlobals) = postSolution
		SolutionGuid = {28C991B3-96FD-4868-87E3-50AB735190B3}
	EndGlobalSection
EndGlobal
